// !$*UTF8*$!
{
	archiveVersion = 1;
	classes = {
	};
	objectVersion = 46;
	objects = {

/* Begin PBXBuildFile section */
		B00B421B1E4A477E00181A03 /* Course.swift in Sources */ = {isa = PBXBuildFile; fileRef = B00B421A1E4A477E00181A03 /* Course.swift */; };
		B02EC51C1E50AF110006D65D /* EraserRegular.ttf in Resources */ = {isa = PBXBuildFile; fileRef = B02EC51B1E50A69D0006D65D /* EraserRegular.ttf */; };
		B07275E31E4CE07300C8858F /* Student.swift in Sources */ = {isa = PBXBuildFile; fileRef = B07275E21E4CE07300C8858F /* Student.swift */; };
		B0ABC2841E4A3D3B00669760 /* AppDelegate.swift in Sources */ = {isa = PBXBuildFile; fileRef = B0ABC2831E4A3D3B00669760 /* AppDelegate.swift */; };
		B0ABC2861E4A3D3B00669760 /* ViewController.swift in Sources */ = {isa = PBXBuildFile; fileRef = B0ABC2851E4A3D3B00669760 /* ViewController.swift */; };
		B0ABC2891E4A3D3B00669760 /* Main.storyboard in Resources */ = {isa = PBXBuildFile; fileRef = B0ABC2871E4A3D3B00669760 /* Main.storyboard */; };
		B0ABC28B1E4A3D3B00669760 /* Assets.xcassets in Resources */ = {isa = PBXBuildFile; fileRef = B0ABC28A1E4A3D3B00669760 /* Assets.xcassets */; };
		B0ABC28E1E4A3D3B00669760 /* LaunchScreen.storyboard in Resources */ = {isa = PBXBuildFile; fileRef = B0ABC28C1E4A3D3B00669760 /* LaunchScreen.storyboard */; };
		B0C2AA961E4D481D00233B21 /* Assessment.swift in Sources */ = {isa = PBXBuildFile; fileRef = B0C2AA951E4D481D00233B21 /* Assessment.swift */; };
/* End PBXBuildFile section */

/* Begin PBXFileReference section */
		B00B421A1E4A477E00181A03 /* Course.swift */ = {isa = PBXFileReference; fileEncoding = 4; lastKnownFileType = sourcecode.swift; name = Course.swift; path = Model/Course.swift; sourceTree = "<group>"; };
		B02EC51B1E50A69D0006D65D /* EraserRegular.ttf */ = {isa = PBXFileReference; lastKnownFileType = file; name = EraserRegular.ttf; path = ../EraserRegular.ttf; sourceTree = "<group>"; };
		B07275E21E4CE07300C8858F /* Student.swift */ = {isa = PBXFileReference; fileEncoding = 4; lastKnownFileType = sourcecode.swift; name = Student.swift; path = Model/Student.swift; sourceTree = "<group>"; };
		B0ABC2801E4A3D3B00669760 /* GPACalculator.app */ = {isa = PBXFileReference; explicitFileType = wrapper.application; includeInIndex = 0; path = GPACalculator.app; sourceTree = BUILT_PRODUCTS_DIR; };
		B0ABC2831E4A3D3B00669760 /* AppDelegate.swift */ = {isa = PBXFileReference; lastKnownFileType = sourcecode.swift; path = AppDelegate.swift; sourceTree = "<group>"; };
		B0ABC2851E4A3D3B00669760 /* ViewController.swift */ = {isa = PBXFileReference; lastKnownFileType = sourcecode.swift; path = ViewController.swift; sourceTree = "<group>"; };
		B0ABC2881E4A3D3B00669760 /* Base */ = {isa = PBXFileReference; lastKnownFileType = file.storyboard; name = Base; path = Base.lproj/Main.storyboard; sourceTree = "<group>"; };
		B0ABC28A1E4A3D3B00669760 /* Assets.xcassets */ = {isa = PBXFileReference; lastKnownFileType = folder.assetcatalog; path = Assets.xcassets; sourceTree = "<group>"; };
		B0ABC28D1E4A3D3B00669760 /* Base */ = {isa = PBXFileReference; lastKnownFileType = file.storyboard; name = Base; path = Base.lproj/LaunchScreen.storyboard; sourceTree = "<group>"; };
		B0ABC28F1E4A3D3B00669760 /* Info.plist */ = {isa = PBXFileReference; lastKnownFileType = text.plist.xml; path = Info.plist; sourceTree = "<group>"; };
		B0C2AA951E4D481D00233B21 /* Assessment.swift */ = {isa = PBXFileReference; fileEncoding = 4; lastKnownFileType = sourcecode.swift; name = Assessment.swift; path = Model/Assessment.swift; sourceTree = "<group>"; };
/* End PBXFileReference section */

/* Begin PBXFrameworksBuildPhase section */
		B0ABC27D1E4A3D3B00669760 /* Frameworks */ = {
			isa = PBXFrameworksBuildPhase;
			buildActionMask = 2147483647;
			files = (
			);
			runOnlyForDeploymentPostprocessing = 0;
		};
/* End PBXFrameworksBuildPhase section */

/* Begin PBXGroup section */
		B00B42191E4A475200181A03 /* Model */ = {
			isa = PBXGroup;
			children = (
				B00B421A1E4A477E00181A03 /* Course.swift */,
				B07275E21E4CE07300C8858F /* Student.swift */,
				B0C2AA951E4D481D00233B21 /* Assessment.swift */,
			);
			name = Model;
			sourceTree = "<group>";
		};
		B0ABC2771E4A3D3B00669760 = {
			isa = PBXGroup;
			children = (
				B0ABC2821E4A3D3B00669760 /* GPACalculator */,
				B0ABC2811E4A3D3B00669760 /* Products */,
			);
			sourceTree = "<group>";
		};
		B0ABC2811E4A3D3B00669760 /* Products */ = {
			isa = PBXGroup;
			children = (
				B0ABC2801E4A3D3B00669760 /* GPACalculator.app */,
			);
			name = Products;
			sourceTree = "<group>";
		};
		B0ABC2821E4A3D3B00669760 /* GPACalculator */ = {
			isa = PBXGroup;
			children = (
				B00B42191E4A475200181A03 /* Model */,
				B0ABC2831E4A3D3B00669760 /* AppDelegate.swift */,
				B0ABC2851E4A3D3B00669760 /* ViewController.swift */,
				B0ABC2871E4A3D3B00669760 /* Main.storyboard */,
				B0ABC28A1E4A3D3B00669760 /* Assets.xcassets */,
				B02EC51B1E50A69D0006D65D /* EraserRegular.ttf */,
				B0ABC28C1E4A3D3B00669760 /* LaunchScreen.storyboard */,
				B0ABC28F1E4A3D3B00669760 /* Info.plist */,
			);
			path = GPACalculator;
			sourceTree = "<group>";
		};
/* End PBXGroup section */

/* Begin PBXNativeTarget section */
		B0ABC27F1E4A3D3B00669760 /* GPACalculator */ = {
			isa = PBXNativeTarget;
			buildConfigurationList = B0ABC2921E4A3D3B00669760 /* Build configuration list for PBXNativeTarget "GPACalculator" */;
			buildPhases = (
				B0ABC27C1E4A3D3B00669760 /* Sources */,
				B0ABC27D1E4A3D3B00669760 /* Frameworks */,
				B0ABC27E1E4A3D3B00669760 /* Resources */,
			);
			buildRules = (
			);
			dependencies = (
			);
			name = GPACalculator;
			productName = GPACalculator;
			productReference = B0ABC2801E4A3D3B00669760 /* GPACalculator.app */;
			productType = "com.apple.product-type.application";
		};
/* End PBXNativeTarget section */

/* Begin PBXProject section */
		B0ABC2781E4A3D3B00669760 /* Project object */ = {
			isa = PBXProject;
			attributes = {
				LastSwiftUpdateCheck = 0820;
				LastUpgradeCheck = 0820;
				ORGANIZATIONNAME = "Steven Hernandez";
				TargetAttributes = {
					B0ABC27F1E4A3D3B00669760 = {
						CreatedOnToolsVersion = 8.2.1;
						DevelopmentTeam = 8B4QBLLSCD;
						ProvisioningStyle = Automatic;
					};
				};
			};
			buildConfigurationList = B0ABC27B1E4A3D3B00669760 /* Build configuration list for PBXProject "GPACalculator" */;
			compatibilityVersion = "Xcode 3.2";
			developmentRegion = English;
			hasScannedForEncodings = 0;
			knownRegions = (
				en,
				Base,
			);
			mainGroup = B0ABC2771E4A3D3B00669760;
			productRefGroup = B0ABC2811E4A3D3B00669760 /* Products */;
			projectDirPath = "";
			projectRoot = "";
			targets = (
				B0ABC27F1E4A3D3B00669760 /* GPACalculator */,
			);
		};
/* End PBXProject section */

/* Begin PBXResourcesBuildPhase section */
		B0ABC27E1E4A3D3B00669760 /* Resources */ = {
			isa = PBXResourcesBuildPhase;
			buildActionMask = 2147483647;
			files = (
				B02EC51C1E50AF110006D65D /* EraserRegular.ttf in Resources */,
				B0ABC28E1E4A3D3B00669760 /* LaunchScreen.storyboard in Resources */,
				B0ABC28B1E4A3D3B00669760 /* Assets.xcassets in Resources */,
				B0ABC2891E4A3D3B00669760 /* Main.storyboard in Resources */,
			);
			runOnlyForDeploymentPostprocessing = 0;
		};
/* End PBXResourcesBuildPhase section */

/* Begin PBXSourcesBuildPhase section */
		B0ABC27C1E4A3D3B00669760 /* Sources */ = {
			isa = PBXSourcesBuildPhase;
			buildActionMask = 2147483647;
			files = (
				B00B421B1E4A477E00181A03 /* Course.swift in Sources */,
				B0ABC2861E4A3D3B00669760 /* ViewController.swift in Sources */,
				B0ABC2841E4A3D3B00669760 /* AppDelegate.swift in Sources */,
				B07275E31E4CE07300C8858F /* Student.swift in Sources */,
				B0C2AA961E4D481D00233B21 /* Assessment.swift in Sources */,
			);
			runOnlyForDeploymentPostprocessing = 0;
		};
/* End PBXSourcesBuildPhase section */

/* Begin PBXVariantGroup section */
		B0ABC2871E4A3D3B00669760 /* Main.storyboard */ = {
			isa = PBXVariantGroup;
			children = (
				B0ABC2881E4A3D3B00669760 /* Base */,
			);
			name = Main.storyboard;
			sourceTree = "<group>";
		};
		B0ABC28C1E4A3D3B00669760 /* LaunchScreen.storyboard */ = {
			isa = PBXVariantGroup;
			children = (
				B0ABC28D1E4A3D3B00669760 /* Base */,
			);
			name = LaunchScreen.storyboard;
			sourceTree = "<group>";
		};
/* End PBXVariantGroup section */

/* Begin XCBuildConfiguration section */
		B0ABC2901E4A3D3B00669760 /* Debug */ = {
			isa = XCBuildConfiguration;
			buildSettings = {
				ALWAYS_SEARCH_USER_PATHS = NO;
				CLANG_ANALYZER_NONNULL = YES;
				CLANG_CXX_LANGUAGE_STANDARD = "gnu++0x";
				CLANG_CXX_LIBRARY = "libc++";
				CLANG_ENABLE_MODULES = YES;
				CLANG_ENABLE_OBJC_ARC = YES;
				CLANG_WARN_BOOL_CONVERSION = YES;
				CLANG_WARN_CONSTANT_CONVERSION = YES;
				CLANG_WARN_DIRECT_OBJC_ISA_USAGE = YES_ERROR;
				CLANG_WARN_DOCUMENTATION_COMMENTS = YES;
				CLANG_WARN_EMPTY_BODY = YES;
				CLANG_WARN_ENUM_CONVERSION = YES;
				CLANG_WARN_INFINITE_RECURSION = YES;
				CLANG_WARN_INT_CONVERSION = YES;
				CLANG_WARN_OBJC_ROOT_CLASS = YES_ERROR;
				CLANG_WARN_SUSPICIOUS_MOVE = YES;
				CLANG_WARN_UNREACHABLE_CODE = YES;
				CLANG_WARN__DUPLICATE_METHOD_MATCH = YES;
				"CODE_SIGN_IDENTITY[sdk=iphoneos*]" = "iPhone Developer";
				COPY_PHASE_STRIP = NO;
				DEBUG_INFORMATION_FORMAT = dwarf;
				ENABLE_STRICT_OBJC_MSGSEND = YES;
				ENABLE_TESTABILITY = YES;
				GCC_C_LANGUAGE_STANDARD = gnu99;
				GCC_DYNAMIC_NO_PIC = NO;
				GCC_NO_COMMON_BLOCKS = YES;
				GCC_OPTIMIZATION_LEVEL = 0;
				GCC_PREPROCESSOR_DEFINITIONS = (
					"DEBUG=1",
					"$(inherited)",
				);
				GCC_WARN_64_TO_32_BIT_CONVERSION = YES;
				GCC_WARN_ABOUT_RETURN_TYPE = YES_ERROR;
				GCC_WARN_UNDECLARED_SELECTOR = YES;
				GCC_WARN_UNINITIALIZED_AUTOS = YES_AGGRESSIVE;
				GCC_WARN_UNUSED_FUNCTION = YES;
				GCC_WARN_UNUSED_VARIABLE = YES;
				IPHONEOS_DEPLOYMENT_TARGET = 10.2;
				MTL_ENABLE_DEBUG_INFO = YES;
				ONLY_ACTIVE_ARCH = YES;
				SDKROOT = iphoneos;
				SWIFT_ACTIVE_COMPILATION_CONDITIONS = DEBUG;
				SWIFT_OPTIMIZATION_LEVEL = "-Onone";
				TARGETED_DEVICE_FAMILY = "1,2";
			};
			name = Debug;
		};
		B0ABC2911E4A3D3B00669760 /* Release */ = {
			isa = XCBuildConfiguration;
			buildSettings = {
				ALWAYS_SEARCH_USER_PATHS = NO;
				CLANG_ANALYZER_NONNULL = YES;
				CLANG_CXX_LANGUAGE_STANDARD = "gnu++0x";
				CLANG_CXX_LIBRARY = "libc++";
				CLANG_ENABLE_MODULES = YES;
				CLANG_ENABLE_OBJC_ARC = YES;
				CLANG_WARN_BOOL_CONVERSION = YES;
				CLANG_WARN_CONSTANT_CONVERSION = YES;
				CLANG_WARN_DIRECT_OBJC_ISA_USAGE = YES_ERROR;
				CLANG_WARN_DOCUMENTATION_COMMENTS = YES;
				CLANG_WARN_EMPTY_BODY = YES;
				CLANG_WARN_ENUM_CONVERSION = YES;
				CLANG_WARN_INFINITE_RECURSION = YES;
				CLANG_WARN_INT_CONVERSION = YES;
				CLANG_WARN_OBJC_ROOT_CLASS = YES_ERROR;
				CLANG_WARN_SUSPICIOUS_MOVE = YES;
				CLANG_WARN_UNREACHABLE_CODE = YES;
				CLANG_WARN__DUPLICATE_METHOD_MATCH = YES;
				"CODE_SIGN_IDENTITY[sdk=iphoneos*]" = "iPhone Developer";
				COPY_PHASE_STRIP = NO;
				DEBUG_INFORMATION_FORMAT = "dwarf-with-dsym";
				ENABLE_NS_ASSERTIONS = NO;
				ENABLE_STRICT_OBJC_MSGSEND = YES;
				GCC_C_LANGUAGE_STANDARD = gnu99;
				GCC_NO_COMMON_BLOCKS = YES;
				GCC_WARN_64_TO_32_BIT_CONVERSION = YES;
				GCC_WARN_ABOUT_RETURN_TYPE = YES_ERROR;
				GCC_WARN_UNDECLARED_SELECTOR = YES;
				GCC_WARN_UNINITIALIZED_AUTOS = YES_AGGRESSIVE;
				GCC_WARN_UNUSED_FUNCTION = YES;
				GCC_WARN_UNUSED_VARIABLE = YES;
				IPHONEOS_DEPLOYMENT_TARGET = 10.2;
				MTL_ENABLE_DEBUG_INFO = NO;
				SDKROOT = iphoneos;
				SWIFT_OPTIMIZATION_LEVEL = "-Owholemodule";
				TARGETED_DEVICE_FAMILY = "1,2";
				VALIDATE_PRODUCT = YES;
			};
			name = Release;
		};
		B0ABC2931E4A3D3B00669760 /* Debug */ = {
			isa = XCBuildConfiguration;
			buildSettings = {
				ASSETCATALOG_COMPILER_APPICON_NAME = AppIcon;
				ASSETCATALOG_COMPILER_LAUNCHIMAGE_NAME = LaunchImage;
				"CODE_SIGN_IDENTITY[sdk=iphoneos*]" = "iPhone Developer";
				DEVELOPMENT_TEAM = 8B4QBLLSCD;
				INFOPLIST_FILE = GPACalculator/Info.plist;
				LD_RUNPATH_SEARCH_PATHS = "$(inherited) @executable_path/Frameworks";
				PRODUCT_BUNDLE_IDENTIFIER = com.stevenHdesigns.GPACalculator;
				PRODUCT_NAME = "$(TARGET_NAME)";
				SWIFT_VERSION = 3.0;
			};
			name = Debug;
		};
		B0ABC2941E4A3D3B00669760 /* Release */ = {
			isa = XCBuildConfiguration;
			buildSettings = {
				ASSETCATALOG_COMPILER_APPICON_NAME = AppIcon;
				ASSETCATALOG_COMPILER_LAUNCHIMAGE_NAME = LaunchImage;
				"CODE_SIGN_IDENTITY[sdk=iphoneos*]" = "iPhone Developer";
				DEVELOPMENT_TEAM = 8B4QBLLSCD;
				INFOPLIST_FILE = GPACalculator/Info.plist;
				LD_RUNPATH_SEARCH_PATHS = "$(inherited) @executable_path/Frameworks";
				PRODUCT_BUNDLE_IDENTIFIER = com.stevenHdesigns.GPACalculator;
				PRODUCT_NAME = "$(TARGET_NAME)";
				SWIFT_VERSION = 3.0;
			};
			name = Release;
		};
/* End XCBuildConfiguration section */

/* Begin XCConfigurationList section */
		B0ABC27B1E4A3D3B00669760 /* Build configuration list for PBXProject "GPACalculator" */ = {
			isa = XCConfigurationList;
			buildConfigurations = (
				B0ABC2901E4A3D3B00669760 /* Debug */,
				B0ABC2911E4A3D3B00669760 /* Release */,
			);
			defaultConfigurationIsVisible = 0;
			defaultConfigurationName = Release;
		};
		B0ABC2921E4A3D3B00669760 /* Build configuration list for PBXNativeTarget "GPACalculator" */ = {
			isa = XCConfigurationList;
			buildConfigurations = (
				B0ABC2931E4A3D3B00669760 /* Debug */,
				B0ABC2941E4A3D3B00669760 /* Release */,
			);
			defaultConfigurationIsVisible = 0;
			defaultConfigurationName = Release;
		};
/* End XCConfigurationList section */
	};
	rootObject = B0ABC2781E4A3D3B00669760 /* Project object */;
}
